
Microsoft Visual Studio Solution File, Format Version 12.00
# Visual Studio Version 17
VisualStudioVersion = 17.14.36408.4
MinimumVisualStudioVersion = 10.0.40219.1
Project("{FAE04EC0-301F-11D3-BF4B-00C04F79EFBC}") = "ProActive2508", "ProActive2508.csproj", "{3B3CF636-2384-4987-B232-814CD61CBD90}"
EndProject
Global
	GlobalSection(SolutionConfigurationPlatforms) = preSolution
		Debug|Any CPU = Debug|Any CPU
		Release|Any CPU = Release|Any CPU
	EndGlobalSection
	GlobalSection(ProjectConfigurationPlatforms) = postSolution
		{3B3CF636-2384-4987-B232-814CD61CBD90}.Debug|Any CPU.ActiveCfg = Debug|Any CPU
		{3B3CF636-2384-4987-B232-814CD61CBD90}.Debug|Any CPU.Build.0 = Debug|Any CPU
		{3B3CF636-2384-4987-B232-814CD61CBD90}.Release|Any CPU.ActiveCfg = Release|Any CPU
		{3B3CF636-2384-4987-B232-814CD61CBD90}.Release|Any CPU.Build.0 = Release|Any CPU
	EndGlobalSection
	GlobalSection(SolutionProperties) = preSolution
		HideSolutionNode = FALSE
	EndGlobalSection
	GlobalSection(ExtensibilityGlobals) = postSolution
		SolutionGuid = {468011B4-2273-4B6F-A51C-158984AAC091}
	EndGlobalSection
EndGlobal
